// !$*UTF8*$!
{
	archiveVersion = 1;
	classes = {
	};
	objectVersion = 46;
	objects = {

/* Begin PBXBuildFile section */
		BA614D541AC9CCC600DA192F /* AppDelegate.swift in Sources */ = {isa = PBXBuildFile; fileRef = BA614D531AC9CCC600DA192F /* AppDelegate.swift */; };
		BA614D561AC9CCC600DA192F /* ViewController.swift in Sources */ = {isa = PBXBuildFile; fileRef = BA614D551AC9CCC600DA192F /* ViewController.swift */; };
		BA614D591AC9CCC600DA192F /* Main.storyboard in Resources */ = {isa = PBXBuildFile; fileRef = BA614D571AC9CCC600DA192F /* Main.storyboard */; };
		BA614D5B1AC9CCC600DA192F /* Images.xcassets in Resources */ = {isa = PBXBuildFile; fileRef = BA614D5A1AC9CCC600DA192F /* Images.xcassets */; };
		BA614D5E1AC9CCC600DA192F /* LaunchScreen.xib in Resources */ = {isa = PBXBuildFile; fileRef = BA614D5C1AC9CCC600DA192F /* LaunchScreen.xib */; };
		BA614D6A1AC9CCC600DA192F /* Moon2Tests.swift in Sources */ = {isa = PBXBuildFile; fileRef = BA614D691AC9CCC600DA192F /* Moon2Tests.swift */; };
		BA614D741AC9CD1800DA192F /* MoonPhaseView.swift in Sources */ = {isa = PBXBuildFile; fileRef = BA614D731AC9CD1800DA192F /* MoonPhaseView.swift */; };
/* End PBXBuildFile section */

/* Begin PBXContainerItemProxy section */
		BA614D641AC9CCC600DA192F /* PBXContainerItemProxy */ = {
			isa = PBXContainerItemProxy;
			containerPortal = BA614D461AC9CCC600DA192F /* Project object */;
			proxyType = 1;
			remoteGlobalIDString = BA614D4D1AC9CCC600DA192F;
			remoteInfo = Moon2;
		};
/* End PBXContainerItemProxy section */

/* Begin PBXFileReference section */
		BA614D4E1AC9CCC600DA192F /* Moon2.app */ = {isa = PBXFileReference; explicitFileType = wrapper.application; includeInIndex = 0; path = Moon2.app; sourceTree = BUILT_PRODUCTS_DIR; };
		BA614D521AC9CCC600DA192F /* Info.plist */ = {isa = PBXFileReference; lastKnownFileType = text.plist.xml; path = Info.plist; sourceTree = "<group>"; };
		BA614D531AC9CCC600DA192F /* AppDelegate.swift */ = {isa = PBXFileReference; lastKnownFileType = sourcecode.swift; path = AppDelegate.swift; sourceTree = "<group>"; };
		BA614D551AC9CCC600DA192F /* ViewController.swift */ = {isa = PBXFileReference; lastKnownFileType = sourcecode.swift; path = ViewController.swift; sourceTree = "<group>"; };
		BA614D581AC9CCC600DA192F /* Base */ = {isa = PBXFileReference; lastKnownFileType = file.storyboard; name = Base; path = Base.lproj/Main.storyboard; sourceTree = "<group>"; };
		BA614D5A1AC9CCC600DA192F /* Images.xcassets */ = {isa = PBXFileReference; lastKnownFileType = folder.assetcatalog; path = Images.xcassets; sourceTree = "<group>"; };
		BA614D5D1AC9CCC600DA192F /* Base */ = {isa = PBXFileReference; lastKnownFileType = file.xib; name = Base; path = Base.lproj/LaunchScreen.xib; sourceTree = "<group>"; };
		BA614D631AC9CCC600DA192F /* Moon2Tests.xctest */ = {isa = PBXFileReference; explicitFileType = wrapper.cfbundle; includeInIndex = 0; path = Moon2Tests.xctest; sourceTree = BUILT_PRODUCTS_DIR; };
		BA614D681AC9CCC600DA192F /* Info.plist */ = {isa = PBXFileReference; lastKnownFileType = text.plist.xml; path = Info.plist; sourceTree = "<group>"; };
		BA614D691AC9CCC600DA192F /* Moon2Tests.swift */ = {isa = PBXFileReference; lastKnownFileType = sourcecode.swift; path = Moon2Tests.swift; sourceTree = "<group>"; };
		BA614D731AC9CD1800DA192F /* MoonPhaseView.swift */ = {isa = PBXFileReference; fileEncoding = 4; lastKnownFileType = sourcecode.swift; path = MoonPhaseView.swift; sourceTree = "<group>"; };
/* End PBXFileReference section */

/* Begin PBXFrameworksBuildPhase section */
		BA614D4B1AC9CCC600DA192F /* Frameworks */ = {
			isa = PBXFrameworksBuildPhase;
			buildActionMask = 2147483647;
			files = (
			);
			runOnlyForDeploymentPostprocessing = 0;
		};
		BA614D601AC9CCC600DA192F /* Frameworks */ = {
			isa = PBXFrameworksBuildPhase;
			buildActionMask = 2147483647;
			files = (
			);
			runOnlyForDeploymentPostprocessing = 0;
		};
/* End PBXFrameworksBuildPhase section */

/* Begin PBXGroup section */
		BA614D451AC9CCC600DA192F = {
			isa = PBXGroup;
			children = (
				BA614D501AC9CCC600DA192F /* Moon2 */,
				BA614D661AC9CCC600DA192F /* Moon2Tests */,
				BA614D4F1AC9CCC600DA192F /* Products */,
			);
			sourceTree = "<group>";
		};
		BA614D4F1AC9CCC600DA192F /* Products */ = {
			isa = PBXGroup;
			children = (
				BA614D4E1AC9CCC600DA192F /* Moon2.app */,
				BA614D631AC9CCC600DA192F /* Moon2Tests.xctest */,
			);
			name = Products;
			sourceTree = "<group>";
		};
		BA614D501AC9CCC600DA192F /* Moon2 */ = {
			isa = PBXGroup;
			children = (
				BA614D531AC9CCC600DA192F /* AppDelegate.swift */,
				BA614D731AC9CD1800DA192F /* MoonPhaseView.swift */,
				BA614D551AC9CCC600DA192F /* ViewController.swift */,
				BA614D571AC9CCC600DA192F /* Main.storyboard */,
				BA614D5A1AC9CCC600DA192F /* Images.xcassets */,
				BA614D5C1AC9CCC600DA192F /* LaunchScreen.xib */,
				BA614D511AC9CCC600DA192F /* Supporting Files */,
			);
			path = Moon2;
			sourceTree = "<group>";
		};
		BA614D511AC9CCC600DA192F /* Supporting Files */ = {
			isa = PBXGroup;
			children = (
				BA614D521AC9CCC600DA192F /* Info.plist */,
			);
			name = "Supporting Files";
			sourceTree = "<group>";
		};
		BA614D661AC9CCC600DA192F /* Moon2Tests */ = {
			isa = PBXGroup;
			children = (
				BA614D691AC9CCC600DA192F /* Moon2Tests.swift */,
				BA614D671AC9CCC600DA192F /* Supporting Files */,
			);
			path = Moon2Tests;
			sourceTree = "<group>";
		};
		BA614D671AC9CCC600DA192F /* Supporting Files */ = {
			isa = PBXGroup;
			children = (
				BA614D681AC9CCC600DA192F /* Info.plist */,
			);
			name = "Supporting Files";
			sourceTree = "<group>";
		};
/* End PBXGroup section */

/* Begin PBXNativeTarget section */
		BA614D4D1AC9CCC600DA192F /* Moon2 */ = {
			isa = PBXNativeTarget;
			buildConfigurationList = BA614D6D1AC9CCC600DA192F /* Build configuration list for PBXNativeTarget "Moon2" */;
			buildPhases = (
				BA614D4A1AC9CCC600DA192F /* Sources */,
				BA614D4B1AC9CCC600DA192F /* Frameworks */,
				BA614D4C1AC9CCC600DA192F /* Resources */,
			);
			buildRules = (
			);
			dependencies = (
			);
			name = Moon2;
			productName = Moon2;
			productReference = BA614D4E1AC9CCC600DA192F /* Moon2.app */;
			productType = "com.apple.product-type.application";
		};
		BA614D621AC9CCC600DA192F /* Moon2Tests */ = {
			isa = PBXNativeTarget;
			buildConfigurationList = BA614D701AC9CCC600DA192F /* Build configuration list for PBXNativeTarget "Moon2Tests" */;
			buildPhases = (
				BA614D5F1AC9CCC600DA192F /* Sources */,
				BA614D601AC9CCC600DA192F /* Frameworks */,
				BA614D611AC9CCC600DA192F /* Resources */,
			);
			buildRules = (
			);
			dependencies = (
				BA614D651AC9CCC600DA192F /* PBXTargetDependency */,
			);
			name = Moon2Tests;
			productName = Moon2Tests;
			productReference = BA614D631AC9CCC600DA192F /* Moon2Tests.xctest */;
			productType = "com.apple.product-type.bundle.unit-test";
		};
/* End PBXNativeTarget section */

/* Begin PBXProject section */
		BA614D461AC9CCC600DA192F /* Project object */ = {
			isa = PBXProject;
			attributes = {
				LastSwiftMigration = 0710;
				LastSwiftUpdateCheck = 0710;
				LastUpgradeCheck = 0930;
				ORGANIZATIONNAME = "Bret Dahlgren";
				TargetAttributes = {
					BA614D4D1AC9CCC600DA192F = {
						CreatedOnToolsVersion = 6.2;
					};
					BA614D621AC9CCC600DA192F = {
						CreatedOnToolsVersion = 6.2;
						TestTargetID = BA614D4D1AC9CCC600DA192F;
					};
				};
			};
			buildConfigurationList = BA614D491AC9CCC600DA192F /* Build configuration list for PBXProject "Moon2" */;
			compatibilityVersion = "Xcode 3.2";
			developmentRegion = English;
			hasScannedForEncodings = 0;
			knownRegions = (
				en,
				Base,
			);
			mainGroup = BA614D451AC9CCC600DA192F;
			productRefGroup = BA614D4F1AC9CCC600DA192F /* Products */;
			projectDirPath = "";
			projectRoot = "";
			targets = (
				BA614D4D1AC9CCC600DA192F /* Moon2 */,
				BA614D621AC9CCC600DA192F /* Moon2Tests */,
			);
		};
/* End PBXProject section */

/* Begin PBXResourcesBuildPhase section */
		BA614D4C1AC9CCC600DA192F /* Resources */ = {
			isa = PBXResourcesBuildPhase;
			buildActionMask = 2147483647;
			files = (
				BA614D591AC9CCC600DA192F /* Main.storyboard in Resources */,
				BA614D5E1AC9CCC600DA192F /* LaunchScreen.xib in Resources */,
				BA614D5B1AC9CCC600DA192F /* Images.xcassets in Resources */,
			);
			runOnlyForDeploymentPostprocessing = 0;
		};
		BA614D611AC9CCC600DA192F /* Resources */ = {
			isa = PBXResourcesBuildPhase;
			buildActionMask = 2147483647;
			files = (
			);
			runOnlyForDeploymentPostprocessing = 0;
		};
/* End PBXResourcesBuildPhase section */

/* Begin PBXSourcesBuildPhase section */
		BA614D4A1AC9CCC600DA192F /* Sources */ = {
			isa = PBXSourcesBuildPhase;
			buildActionMask = 2147483647;
			files = (
				BA614D561AC9CCC600DA192F /* ViewController.swift in Sources */,
				BA614D541AC9CCC600DA192F /* AppDelegate.swift in Sources */,
				BA614D741AC9CD1800DA192F /* MoonPhaseView.swift in Sources */,
			);
			runOnlyForDeploymentPostprocessing = 0;
		};
		BA614D5F1AC9CCC600DA192F /* Sources */ = {
			isa = PBXSourcesBuildPhase;
			buildActionMask = 2147483647;
			files = (
				BA614D6A1AC9CCC600DA192F /* Moon2Tests.swift in Sources */,
			);
			runOnlyForDeploymentPostprocessing = 0;
		};
/* End PBXSourcesBuildPhase section */

/* Begin PBXTargetDependency section */
		BA614D651AC9CCC600DA192F /* PBXTargetDependency */ = {
			isa = PBXTargetDependency;
			target = BA614D4D1AC9CCC600DA192F /* Moon2 */;
			targetProxy = BA614D641AC9CCC600DA192F /* PBXContainerItemProxy */;
		};
/* End PBXTargetDependency section */

/* Begin PBXVariantGroup section */
		BA614D571AC9CCC600DA192F /* Main.storyboard */ = {
			isa = PBXVariantGroup;
			children = (
				BA614D581AC9CCC600DA192F /* Base */,
			);
			name = Main.storyboard;
			sourceTree = "<group>";
		};
		BA614D5C1AC9CCC600DA192F /* LaunchScreen.xib */ = {
			isa = PBXVariantGroup;
			children = (
				BA614D5D1AC9CCC600DA192F /* Base */,
			);
			name = LaunchScreen.xib;
			sourceTree = "<group>";
		};
/* End PBXVariantGroup section */

/* Begin XCBuildConfiguration section */
		BA614D6B1AC9CCC600DA192F /* Debug */ = {
			isa = XCBuildConfiguration;
			buildSettings = {
				ALWAYS_SEARCH_USER_PATHS = NO;
				CLANG_CXX_LANGUAGE_STANDARD = "gnu++0x";
				CLANG_CXX_LIBRARY = "libc++";
				CLANG_ENABLE_MODULES = YES;
				CLANG_ENABLE_OBJC_ARC = YES;
				CLANG_WARN_BLOCK_CAPTURE_AUTORELEASING = YES;
				CLANG_WARN_BOOL_CONVERSION = YES;
				CLANG_WARN_COMMA = YES;
				CLANG_WARN_CONSTANT_CONVERSION = YES;
				CLANG_WARN_DEPRECATED_OBJC_IMPLEMENTATIONS = YES;
				CLANG_WARN_DIRECT_OBJC_ISA_USAGE = YES_ERROR;
				CLANG_WARN_EMPTY_BODY = YES;
				CLANG_WARN_ENUM_CONVERSION = YES;
				CLANG_WARN_INFINITE_RECURSION = YES;
				CLANG_WARN_INT_CONVERSION = YES;
				CLANG_WARN_NON_LITERAL_NULL_CONVERSION = YES;
				CLANG_WARN_OBJC_IMPLICIT_RETAIN_SELF = YES;
				CLANG_WARN_OBJC_LITERAL_CONVERSION = YES;
				CLANG_WARN_OBJC_ROOT_CLASS = YES_ERROR;
				CLANG_WARN_RANGE_LOOP_ANALYSIS = YES;
				CLANG_WARN_STRICT_PROTOTYPES = YES;
				CLANG_WARN_SUSPICIOUS_MOVE = YES;
				CLANG_WARN_UNREACHABLE_CODE = YES;
				CLANG_WARN__DUPLICATE_METHOD_MATCH = YES;
				"CODE_SIGN_IDENTITY[sdk=iphoneos*]" = "iPhone Developer";
				COPY_PHASE_STRIP = NO;
				ENABLE_STRICT_OBJC_MSGSEND = YES;
				ENABLE_TESTABILITY = YES;
				GCC_C_LANGUAGE_STANDARD = gnu99;
				GCC_DYNAMIC_NO_PIC = NO;
				GCC_NO_COMMON_BLOCKS = YES;
				GCC_OPTIMIZATION_LEVEL = 0;
				GCC_PREPROCESSOR_DEFINITIONS = (
					"DEBUG=1",
					"$(inherited)",
				);
				GCC_SYMBOLS_PRIVATE_EXTERN = NO;
				GCC_WARN_64_TO_32_BIT_CONVERSION = YES;
				GCC_WARN_ABOUT_RETURN_TYPE = YES_ERROR;
				GCC_WARN_UNDECLARED_SELECTOR = YES;
				GCC_WARN_UNINITIALIZED_AUTOS = YES_AGGRESSIVE;
				GCC_WARN_UNUSED_FUNCTION = YES;
				GCC_WARN_UNUSED_VARIABLE = YES;
				IPHONEOS_DEPLOYMENT_TARGET = 8.2;
				MTL_ENABLE_DEBUG_INFO = YES;
				ONLY_ACTIVE_ARCH = YES;
				SDKROOT = iphoneos;
				SWIFT_OPTIMIZATION_LEVEL = "-Onone";
				SWIFT_VERSION = 4.0;
			};
			name = Debug;
		};
		BA614D6C1AC9CCC600DA192F /* Release */ = {
			isa = XCBuildConfiguration;
			buildSettings = {
				ALWAYS_SEARCH_USER_PATHS = NO;
				CLANG_CXX_LANGUAGE_STANDARD = "gnu++0x";
				CLANG_CXX_LIBRARY = "libc++";
				CLANG_ENABLE_MODULES = YES;
				CLANG_ENABLE_OBJC_ARC = YES;
				CLANG_WARN_BLOCK_CAPTURE_AUTORELEASING = YES;
				CLANG_WARN_BOOL_CONVERSION = YES;
				CLANG_WARN_COMMA = YES;
				CLANG_WARN_CONSTANT_CONVERSION = YES;
				CLANG_WARN_DEPRECATED_OBJC_IMPLEMENTATIONS = YES;
				CLANG_WARN_DIRECT_OBJC_ISA_USAGE = YES_ERROR;
				CLANG_WARN_EMPTY_BODY = YES;
				CLANG_WARN_ENUM_CONVERSION = YES;
				CLANG_WARN_INFINITE_RECURSION = YES;
				CLANG_WARN_INT_CONVERSION = YES;
				CLANG_WARN_NON_LITERAL_NULL_CONVERSION = YES;
				CLANG_WARN_OBJC_IMPLICIT_RETAIN_SELF = YES;
				CLANG_WARN_OBJC_LITERAL_CONVERSION = YES;
				CLANG_WARN_OBJC_ROOT_CLASS = YES_ERROR;
				CLANG_WARN_RANGE_LOOP_ANALYSIS = YES;
				CLANG_WARN_STRICT_PROTOTYPES = YES;
				CLANG_WARN_SUSPICIOUS_MOVE = YES;
				CLANG_WARN_UNREACHABLE_CODE = YES;
				CLANG_WARN__DUPLICATE_METHOD_MATCH = YES;
				"CODE_SIGN_IDENTITY[sdk=iphoneos*]" = "iPhone Developer";
				COPY_PHASE_STRIP = NO;
				ENABLE_NS_ASSERTIONS = NO;
				ENABLE_STRICT_OBJC_MSGSEND = YES;
				GCC_C_LANGUAGE_STANDARD = gnu99;
				GCC_NO_COMMON_BLOCKS = YES;
				GCC_WARN_64_TO_32_BIT_CONVERSION = YES;
				GCC_WARN_ABOUT_RETURN_TYPE = YES_ERROR;
				GCC_WARN_UNDECLARED_SELECTOR = YES;
				GCC_WARN_UNINITIALIZED_AUTOS = YES_AGGRESSIVE;
				GCC_WARN_UNUSED_FUNCTION = YES;
				GCC_WARN_UNUSED_VARIABLE = YES;
				IPHONEOS_DEPLOYMENT_TARGET = 8.2;
				MTL_ENABLE_DEBUG_INFO = NO;
				SDKROOT = iphoneos;
				SWIFT_COMPILATION_MODE = wholemodule;
				SWIFT_VERSION = 4.0;
				VALIDATE_PRODUCT = YES;
			};
			name = Release;
		};
		BA614D6E1AC9CCC600DA192F /* Debug */ = {
			isa = XCBuildConfiguration;
			buildSettings = {
				ASSETCATALOG_COMPILER_APPICON_NAME = AppIcon;
				DEVELOPMENT_TEAM = "";
				INFOPLIST_FILE = Moon2/Info.plist;
				LD_RUNPATH_SEARCH_PATHS = "$(inherited) @executable_path/Frameworks";
				PRODUCT_BUNDLE_IDENTIFIER = "com.elfinda.$(PRODUCT_NAME:rfc1034identifier)";
				PRODUCT_NAME = "$(TARGET_NAME)";
				SWIFT_VERSION = 4.0;
			};
			name = Debug;
		};
		BA614D6F1AC9CCC600DA192F /* Release */ = {
			isa = XCBuildConfiguration;
			buildSettings = {
				ASSETCATALOG_COMPILER_APPICON_NAME = AppIcon;
				DEVELOPMENT_TEAM = "";
				INFOPLIST_FILE = Moon2/Info.plist;
				LD_RUNPATH_SEARCH_PATHS = "$(inherited) @executable_path/Frameworks";
				PRODUCT_BUNDLE_IDENTIFIER = "com.elfinda.$(PRODUCT_NAME:rfc1034identifier)";
				PRODUCT_NAME = "$(TARGET_NAME)";
				SWIFT_VERSION = 4.0;
			};
			name = Release;
		};
		BA614D711AC9CCC600DA192F /* Debug */ = {
			isa = XCBuildConfiguration;
			buildSettings = {
				BUNDLE_LOADER = "$(TEST_HOST)";
				FRAMEWORK_SEARCH_PATHS = (
					"$(SDKROOT)/Developer/Library/Frameworks",
					"$(inherited)",
				);
				GCC_PREPROCESSOR_DEFINITIONS = (
					"DEBUG=1",
					"$(inherited)",
				);
				INFOPLIST_FILE = Moon2Tests/Info.plist;
				LD_RUNPATH_SEARCH_PATHS = "$(inherited) @executable_path/Frameworks @loader_path/Frameworks";
				PRODUCT_BUNDLE_IDENTIFIER = "com.elfinda.$(PRODUCT_NAME:rfc1034identifier)";
				PRODUCT_NAME = "$(TARGET_NAME)";
				SWIFT_VERSION = 4.0;
				TEST_HOST = "$(BUILT_PRODUCTS_DIR)/Moon2.app/Moon2";
			};
			name = Debug;
		};
		BA614D721AC9CCC600DA192F /* Release */ = {
			isa = XCBuildConfiguration;
			buildSettings = {
				BUNDLE_LOADER = "$(TEST_HOST)";
				FRAMEWORK_SEARCH_PATHS = (
					"$(SDKROOT)/Developer/Library/Frameworks",
					"$(inherited)",
				);
				INFOPLIST_FILE = Moon2Tests/Info.plist;
				LD_RUNPATH_SEARCH_PATHS = "$(inherited) @executable_path/Frameworks @loader_path/Frameworks";
				PRODUCT_BUNDLE_IDENTIFIER = "com.elfinda.$(PRODUCT_NAME:rfc1034identifier)";
				PRODUCT_NAME = "$(TARGET_NAME)";
				SWIFT_VERSION = 4.0;
				TEST_HOST = "$(BUILT_PRODUCTS_DIR)/Moon2.app/Moon2";
			};
			name = Release;
		};
/* End XCBuildConfiguration section */

/* Begin XCConfigurationList section */
		BA614D491AC9CCC600DA192F /* Build configuration list for PBXProject "Moon2" */ = {
			isa = XCConfigurationList;
			buildConfigurations = (
				BA614D6B1AC9CCC600DA192F /* Debug */,
				BA614D6C1AC9CCC600DA192F /* Release */,
			);
			defaultConfigurationIsVisible = 0;
			defaultConfigurationName = Release;
		};
		BA614D6D1AC9CCC600DA192F /* Build configuration list for PBXNativeTarget "Moon2" */ = {
			isa = XCConfigurationList;
			buildConfigurations = (
				BA614D6E1AC9CCC600DA192F /* Debug */,
				BA614D6F1AC9CCC600DA192F /* Release */,
			);
			defaultConfigurationIsVisible = 0;
			defaultConfigurationName = Release;
		};
		BA614D701AC9CCC600DA192F /* Build configuration list for PBXNativeTarget "Moon2Tests" */ = {
			isa = XCConfigurationList;
			buildConfigurations = (
				BA614D711AC9CCC600DA192F /* Debug */,
				BA614D721AC9CCC600DA192F /* Release */,
			);
			defaultConfigurationIsVisible = 0;
			defaultConfigurationName = Release;
		};
/* End XCConfigurationList section */
	};
	rootObject = BA614D461AC9CCC600DA192F /* Project object */;
}
